// !$*UTF8*$!
{
	archiveVersion = 1;
	classes = {
	};
	objectVersion = 46;
	objects = {
/* Begin PBXBuildFile section */
		0207DA581B56EA530066E2B4 /* Images.xcassets in Resources */ = {isa = PBXBuildFile; fileRef = 0207DA571B56EA530066E2B4 /* Images.xcassets */; };
		1D3623260D0F684500981E51 /* AppDelegate.m in Sources */ = {isa = PBXBuildFile; fileRef = 1D3623250D0F684500981E51 /* AppDelegate.m */; };
		1D60589B0D05DD56006BFB54 /* main.m in Sources */ = {isa = PBXBuildFile; fileRef = 29B97316FDCFA39411CA2CEA /* main.m */; };
		301BF552109A68D80062928A /* libCordova.a in Frameworks */ = {isa = PBXBuildFile; fileRef = 301BF535109A57CC0062928A /* libCordova.a */; };
		302D95F114D2391D003F00A1 /* MainViewController.m in Sources */ = {isa = PBXBuildFile; fileRef = 302D95EF14D2391D003F00A1 /* MainViewController.m */; };
		302D95F214D2391D003F00A1 /* MainViewController.xib in Resources */ = {isa = PBXBuildFile; fileRef = 302D95F014D2391D003F00A1 /* MainViewController.xib */; };
		3047A5121AB8059700498E2A /* build-debug.xcconfig in Resources */ = {isa = PBXBuildFile; fileRef = 3047A50F1AB8059700498E2A /* build-debug.xcconfig */; };
		3047A5131AB8059700498E2A /* build-release.xcconfig in Resources */ = {isa = PBXBuildFile; fileRef = 3047A5101AB8059700498E2A /* build-release.xcconfig */; };
		3047A5141AB8059700498E2A /* build.xcconfig in Resources */ = {isa = PBXBuildFile; fileRef = 3047A5111AB8059700498E2A /* build.xcconfig */; };
		6AFF5BF91D6E424B00AB3073 /* CDVLaunchScreen.storyboard in Resources */ = {isa = PBXBuildFile; fileRef = 6AFF5BF81D6E424B00AB3073 /* CDVLaunchScreen.storyboard */; };
		F22FE791610A4560B04363AA /* DatePicker.m in Sources */ = {isa = PBXBuildFile; fileRef = 62F87645FA13435CBB00C025 /* DatePicker.m */; };
		CCF906E24F25433685FB2A5E /* DatePicker.xib in Resources */ = {isa = PBXBuildFile; fileRef = 5F81D563C36B48E6A45879C4 /* DatePicker.xib */; };
		9286844038F746AA870B37E5 /* CDVDevice.m in Sources */ = {isa = PBXBuildFile; fileRef = 7125A6D8D3DA4CA3A7B388D2 /* CDVDevice.m */; };
		9DDBC93700914AC0A7362ED0 /* CDVIonicKeyboard.m in Sources */ = {isa = PBXBuildFile; fileRef = 9CE61826FEC941FFA05C55D8 /* CDVIonicKeyboard.m */; };
		37973C14BFC142539AD3FF70 /* CDVWKWebViewEngine.m in Sources */ = {isa = PBXBuildFile; fileRef = 3DB8CBD68B69409ABA594047 /* CDVWKWebViewEngine.m */; };
		DA91BAB28CB649C0A6341ECE /* CDVWKWebViewUIDelegate.m in Sources */ = {isa = PBXBuildFile; fileRef = 914AC453E3574351BCFF5D82 /* CDVWKWebViewUIDelegate.m */; };
		0B2DF295650144DE8CBB221C /* CDVWKProcessPoolFactory.m in Sources */ = {isa = PBXBuildFile; fileRef = 47CD3085670B4DC8A3E63BF8 /* CDVWKProcessPoolFactory.m */; };
		5A073863E23043718C3CF22F /* GCDWebServer.m in Sources */ = {isa = PBXBuildFile; fileRef = 00695CD205154DB8B5208D72 /* GCDWebServer.m */; };
		3A7FC85D3E4B4B0B821F54D0 /* GCDWebServerConnection.m in Sources */ = {isa = PBXBuildFile; fileRef = 19DD6F99EB2D449AAA0FA478 /* GCDWebServerConnection.m */; };
		BA5647EB825F42BE829A34FB /* GCDWebServerFunctions.m in Sources */ = {isa = PBXBuildFile; fileRef = 722333F97BAA4919BF3D2EAD /* GCDWebServerFunctions.m */; };
		C993C99FE5654E4A8B307506 /* GCDWebServerRequest.m in Sources */ = {isa = PBXBuildFile; fileRef = F9E31FFC603B4EC59BFD1CF8 /* GCDWebServerRequest.m */; };
		8C72CA1C33D64A79B60B0BF4 /* GCDWebServerResponse.m in Sources */ = {isa = PBXBuildFile; fileRef = 8DDDFE8C040B465289F3FB5D /* GCDWebServerResponse.m */; };
		29EC3DAD172B4725A637D5A1 /* GCDWebServerDataRequest.m in Sources */ = {isa = PBXBuildFile; fileRef = 84CAF029A8F1412881313C6B /* GCDWebServerDataRequest.m */; };
		A16A5740A1604D76B26C5E0B /* GCDWebServerFileRequest.m in Sources */ = {isa = PBXBuildFile; fileRef = E2F4C8C83C344DF4A3152908 /* GCDWebServerFileRequest.m */; };
		BA383CA58F1B4F02AF5E14CC /* GCDWebServerMultiPartFormRequest.m in Sources */ = {isa = PBXBuildFile; fileRef = 21961067C7B340B3A34C1DA6 /* GCDWebServerMultiPartFormRequest.m */; };
		D1C82E63B98645349E0AA8F8 /* GCDWebServerURLEncodedFormRequest.m in Sources */ = {isa = PBXBuildFile; fileRef = 58C7178CB7794FBD91BB176C /* GCDWebServerURLEncodedFormRequest.m */; };
		8B8DF0B72BD54813B3386ADD /* GCDWebServerDataResponse.m in Sources */ = {isa = PBXBuildFile; fileRef = FA2B4246E8C448E3ABBC64A8 /* GCDWebServerDataResponse.m */; };
		D0A099933EBA4329A9C3609B /* GCDWebServerErrorResponse.m in Sources */ = {isa = PBXBuildFile; fileRef = CE04D94482664D2098026D44 /* GCDWebServerErrorResponse.m */; };
		2A586EFBE88441788E3D49E7 /* GCDWebServerFileResponse.m in Sources */ = {isa = PBXBuildFile; fileRef = 7359F9E7650C4ADC95CF9685 /* GCDWebServerFileResponse.m */; };
		5C4886AFBC864A468F90D3B8 /* GCDWebServerStreamedResponse.m in Sources */ = {isa = PBXBuildFile; fileRef = BE9843A59951496DA03B24A8 /* GCDWebServerStreamedResponse.m */; };
		C6BE422D4956452E9F53BF8B /* WebKit.framework in Frameworks */ = {isa = PBXBuildFile; fileRef = EC1716AFE3204AD0B1AD0402 /* WebKit.framework */; settings = {ATTRIBUTES = (Weak, ); }; };
		8D892AFBE58E42A99D10DDEB /* libz.tbd in Frameworks */ = {isa = PBXBuildFile; fileRef = 3643FE70338B46BD95E09417 /* libz.tbd */; };
		AAD307115A474031A1091296 /* CDVSplashScreen.m in Sources */ = {isa = PBXBuildFile; fileRef = C2086FA53EC048799DB962BB /* CDVSplashScreen.m */; };
		73BD5A7C8A6F4B5096371D6A /* CDVViewController+SplashScreen.m in Sources */ = {isa = PBXBuildFile; fileRef = 0FB117D26E6649B4ACEBF65A /* CDVViewController+SplashScreen.m */; };
		88EE23BFC8774186914FAF4D /* CDVVibration.m in Sources */ = {isa = PBXBuildFile; fileRef = 90DA2EA778EC401C8F2EAAD3 /* CDVVibration.m */; };
		31DD213054BD4EA89B428582 /* AudioToolbox.framework in Frameworks */ = {isa = PBXBuildFile; fileRef = 9B9FA826A27C4B07AFECE189 /* AudioToolbox.framework */; settings = {ATTRIBUTES = (Weak, ); }; };
		B008489154DB4ADF9B681202 /* UIImage+CropScaleOrientation.m in Sources */ = {isa = PBXBuildFile; fileRef = 18CC405E344D44E4AA4AF0D3 /* UIImage+CropScaleOrientation.m */; };
		437E59D783444CE5812DF020 /* CDVCamera.m in Sources */ = {isa = PBXBuildFile; fileRef = D858690E6AB94386B9E414D5 /* CDVCamera.m */; };
		ACA75D03D0F04A6DB6ADB341 /* CDVJpegHeaderWriter.m in Sources */ = {isa = PBXBuildFile; fileRef = 02FF4731586B4A4C87F551E1 /* CDVJpegHeaderWriter.m */; };
		74CB8013AF9C4F12AB0BE201 /* ImageIO.framework in Frameworks */ = {isa = PBXBuildFile; fileRef = 781FC113E91A454F959C105B /* ImageIO.framework */; settings = {ATTRIBUTES = (Weak, ); }; };
		8F32E94D382E492099C86D34 /* CoreLocation.framework in Frameworks */ = {isa = PBXBuildFile; fileRef = E9A2EDC397594F67B8656E95 /* CoreLocation.framework */; };
		8BF5A297C09D46B5909FC343 /* AVFoundation.framework in Frameworks */ = {isa = PBXBuildFile; fileRef = 43B839F51B9A4FB3907AAC2B /* AVFoundation.framework */; };
		8CE67B8F1F8B4C0EA1CB5170 /* OneSignalPush.m in Sources */ = {isa = PBXBuildFile; fileRef = 7F4F6E28BC9B4F47AFAE3918 /* OneSignalPush.m */; };
		F178AEFEBCFC4D20BA47F1BF /* SystemConfiguration.framework in Frameworks */ = {isa = PBXBuildFile; fileRef = 3199B8D567C34F81B4520215 /* SystemConfiguration.framework */; };
/* End PBXBuildFile section */

/* Begin PBXContainerItemProxy section */
		301BF534109A57CC0062928A /* PBXContainerItemProxy */ = {
			isa = PBXContainerItemProxy;
			containerPortal = 301BF52D109A57CC0062928A /* CordovaLib.xcodeproj */;
			proxyType = 2;
			remoteGlobalIDString = D2AAC07E0554694100DB518D;
			remoteInfo = CordovaLib;
		};
		301BF550109A68C00062928A /* PBXContainerItemProxy */ = {
			isa = PBXContainerItemProxy;
			containerPortal = 301BF52D109A57CC0062928A /* CordovaLib.xcodeproj */;
			proxyType = 1;
			remoteGlobalIDString = D2AAC07D0554694100DB518D;
			remoteInfo = CordovaLib;
		};
/* End PBXContainerItemProxy section */

/* Begin PBXFileReference section */
		0207DA571B56EA530066E2B4 /* Images.xcassets */ = {isa = PBXFileReference; lastKnownFileType = folder.assetcatalog; name = Images.xcassets; path = "aluracar/Images.xcassets"; sourceTree = SOURCE_ROOT; };
		1D3623240D0F684500981E51 /* AppDelegate.h */ = {isa = PBXFileReference; fileEncoding = 4; lastKnownFileType = sourcecode.c.h; path = AppDelegate.h; sourceTree = "<group>"; };
		1D3623250D0F684500981E51 /* AppDelegate.m */ = {isa = PBXFileReference; fileEncoding = 4; lastKnownFileType = sourcecode.c.objc; path = AppDelegate.m; sourceTree = "<group>"; };
		1D6058910D05DD3D006BFB54 /* aluracar.app */ = {isa = PBXFileReference; explicitFileType = wrapper.application; includeInIndex = 0; path = "aluracar.app"; sourceTree = BUILT_PRODUCTS_DIR; };
		29B97316FDCFA39411CA2CEA /* main.m */ = {isa = PBXFileReference; fileEncoding = 4; lastKnownFileType = sourcecode.c.objc; path = main.m; sourceTree = "<group>"; };
		301BF52D109A57CC0062928A /* CordovaLib.xcodeproj */ = {isa = PBXFileReference; lastKnownFileType = "wrapper.pb-project"; path = CordovaLib/CordovaLib.xcodeproj; sourceTree = "<group>"; };
		301BF56E109A69640062928A /* www */ = {isa = PBXFileReference; lastKnownFileType = folder; path = www; sourceTree = SOURCE_ROOT; };
		302D95EE14D2391D003F00A1 /* MainViewController.h */ = {isa = PBXFileReference; fileEncoding = 4; lastKnownFileType = sourcecode.c.h; path = MainViewController.h; sourceTree = "<group>"; };
		302D95EF14D2391D003F00A1 /* MainViewController.m */ = {isa = PBXFileReference; fileEncoding = 4; lastKnownFileType = sourcecode.c.objc; path = MainViewController.m; sourceTree = "<group>"; };
		302D95F014D2391D003F00A1 /* MainViewController.xib */ = {isa = PBXFileReference; fileEncoding = 4; lastKnownFileType = file.xib; path = MainViewController.xib; sourceTree = "<group>"; };
		3047A50F1AB8059700498E2A /* build-debug.xcconfig */ = {isa = PBXFileReference; fileEncoding = 4; lastKnownFileType = text.xcconfig; name = "build-debug.xcconfig"; path = cordova/build-debug.xcconfig; sourceTree = SOURCE_ROOT; };
		3047A5101AB8059700498E2A /* build-release.xcconfig */ = {isa = PBXFileReference; fileEncoding = 4; lastKnownFileType = text.xcconfig; name = "build-release.xcconfig"; path = cordova/build-release.xcconfig; sourceTree = SOURCE_ROOT; };
		3047A5111AB8059700498E2A /* build.xcconfig */ = {isa = PBXFileReference; fileEncoding = 4; lastKnownFileType = text.xcconfig; name = build.xcconfig; path = cordova/build.xcconfig; sourceTree = SOURCE_ROOT; };
		32CA4F630368D1EE00C91783 /* aluracar-Prefix.pch */ = {isa = PBXFileReference; fileEncoding = 4; lastKnownFileType = sourcecode.c.h; path = "aluracar-Prefix.pch"; sourceTree = "<group>"; };
		6AFF5BF81D6E424B00AB3073 /* CDVLaunchScreen.storyboard */ = {isa = PBXFileReference; fileEncoding = 4; lastKnownFileType = file.storyboard; name = CDVLaunchScreen.storyboard; path = "aluracar/CDVLaunchScreen.storyboard"; sourceTree = SOURCE_ROOT; };
		8D1107310486CEB800E47090 /* aluracar-Info.plist */ = {isa = PBXFileReference; fileEncoding = 4; lastKnownFileType = text.plist.xml; name = "aluracar-Info.plist"; path = "aluracar/aluracar-Info.plist"; plistStructureDefinitionIdentifier = "com.apple.xcode.plist.structure-definition.iphone.info-plist"; sourceTree = SOURCE_ROOT; };
		EB87FDF31871DA8E0020F90C /* www */ = {isa = PBXFileReference; lastKnownFileType = folder; name = www; path = ../../www; sourceTree = "<group>"; };
		EB87FDF41871DAF40020F90C /* config.xml */ = {isa = PBXFileReference; lastKnownFileType = text.xml; name = config.xml; path = ../../config.xml; sourceTree = "<group>"; };
		F840E1F0165FE0F500CFE078 /* config.xml */ = {isa = PBXFileReference; lastKnownFileType = text.xml; name = config.xml; path = "aluracar/config.xml"; sourceTree = "<group>"; };
		ED33DF2A687741AEAF9F8254 /* Bridging-Header.h */ = {isa = PBXFileReference; fileEncoding = 4; lastKnownFileType = sourcecode.c.h; name = "Bridging-Header.h"; path = "Bridging-Header.h"; sourceTree = "<group>"; };
		62F87645FA13435CBB00C025 /* DatePicker.m */ = {isa = PBXFileReference; name = "DatePicker.m"; path = "cordova-plugin-datepicker/DatePicker.m"; sourceTree = "<group>"; fileEncoding = 4; lastKnownFileType = sourcecode.c.objc; explicitFileType = undefined; includeInIndex = 0; };
		2192FA03463D4C11B84DBD43 /* DatePicker.h */ = {isa = PBXFileReference; name = "DatePicker.h"; path = "cordova-plugin-datepicker/DatePicker.h"; sourceTree = "<group>"; fileEncoding = 4; lastKnownFileType = sourcecode.c.h; explicitFileType = undefined; includeInIndex = 0; };
		5F81D563C36B48E6A45879C4 /* DatePicker.xib */ = {isa = PBXFileReference; name = "DatePicker.xib"; path = "DatePicker.xib"; sourceTree = "<group>"; fileEncoding = undefined; lastKnownFileType = file.xib; explicitFileType = undefined; includeInIndex = 0; };
		7125A6D8D3DA4CA3A7B388D2 /* CDVDevice.m */ = {isa = PBXFileReference; name = "CDVDevice.m"; path = "cordova-plugin-device/CDVDevice.m"; sourceTree = "<group>"; fileEncoding = 4; lastKnownFileType = sourcecode.c.objc; explicitFileType = undefined; includeInIndex = 0; };
		87AEB9BCDDF74264884366CB /* CDVDevice.h */ = {isa = PBXFileReference; name = "CDVDevice.h"; path = "cordova-plugin-device/CDVDevice.h"; sourceTree = "<group>"; fileEncoding = 4; lastKnownFileType = sourcecode.c.h; explicitFileType = undefined; includeInIndex = 0; };
		9CE61826FEC941FFA05C55D8 /* CDVIonicKeyboard.m */ = {isa = PBXFileReference; name = "CDVIonicKeyboard.m"; path = "cordova-plugin-ionic-keyboard/CDVIonicKeyboard.m"; sourceTree = "<group>"; fileEncoding = 4; lastKnownFileType = sourcecode.c.objc; explicitFileType = undefined; includeInIndex = 0; };
		01F7485B866A40628068D024 /* CDVIonicKeyboard.h */ = {isa = PBXFileReference; name = "CDVIonicKeyboard.h"; path = "cordova-plugin-ionic-keyboard/CDVIonicKeyboard.h"; sourceTree = "<group>"; fileEncoding = 4; lastKnownFileType = sourcecode.c.h; explicitFileType = undefined; includeInIndex = 0; };
		3DB8CBD68B69409ABA594047 /* CDVWKWebViewEngine.m */ = {isa = PBXFileReference; name = "CDVWKWebViewEngine.m"; path = "cordova-plugin-ionic-webview/CDVWKWebViewEngine.m"; sourceTree = "<group>"; fileEncoding = 4; lastKnownFileType = sourcecode.c.objc; explicitFileType = undefined; includeInIndex = 0; };
		914AC453E3574351BCFF5D82 /* CDVWKWebViewUIDelegate.m */ = {isa = PBXFileReference; name = "CDVWKWebViewUIDelegate.m"; path = "cordova-plugin-ionic-webview/CDVWKWebViewUIDelegate.m"; sourceTree = "<group>"; fileEncoding = 4; lastKnownFileType = sourcecode.c.objc; explicitFileType = undefined; includeInIndex = 0; };
		47CD3085670B4DC8A3E63BF8 /* CDVWKProcessPoolFactory.m */ = {isa = PBXFileReference; name = "CDVWKProcessPoolFactory.m"; path = "cordova-plugin-ionic-webview/CDVWKProcessPoolFactory.m"; sourceTree = "<group>"; fileEncoding = 4; lastKnownFileType = sourcecode.c.objc; explicitFileType = undefined; includeInIndex = 0; };
		00695CD205154DB8B5208D72 /* GCDWebServer.m */ = {isa = PBXFileReference; name = "GCDWebServer.m"; path = "cordova-plugin-ionic-webview/GCDWebServer.m"; sourceTree = "<group>"; fileEncoding = 4; lastKnownFileType = sourcecode.c.objc; explicitFileType = undefined; includeInIndex = 0; };
		19DD6F99EB2D449AAA0FA478 /* GCDWebServerConnection.m */ = {isa = PBXFileReference; name = "GCDWebServerConnection.m"; path = "cordova-plugin-ionic-webview/GCDWebServerConnection.m"; sourceTree = "<group>"; fileEncoding = 4; lastKnownFileType = sourcecode.c.objc; explicitFileType = undefined; includeInIndex = 0; };
		722333F97BAA4919BF3D2EAD /* GCDWebServerFunctions.m */ = {isa = PBXFileReference; name = "GCDWebServerFunctions.m"; path = "cordova-plugin-ionic-webview/GCDWebServerFunctions.m"; sourceTree = "<group>"; fileEncoding = 4; lastKnownFileType = sourcecode.c.objc; explicitFileType = undefined; includeInIndex = 0; };
		F9E31FFC603B4EC59BFD1CF8 /* GCDWebServerRequest.m */ = {isa = PBXFileReference; name = "GCDWebServerRequest.m"; path = "cordova-plugin-ionic-webview/GCDWebServerRequest.m"; sourceTree = "<group>"; fileEncoding = 4; lastKnownFileType = sourcecode.c.objc; explicitFileType = undefined; includeInIndex = 0; };
		8DDDFE8C040B465289F3FB5D /* GCDWebServerResponse.m */ = {isa = PBXFileReference; name = "GCDWebServerResponse.m"; path = "cordova-plugin-ionic-webview/GCDWebServerResponse.m"; sourceTree = "<group>"; fileEncoding = 4; lastKnownFileType = sourcecode.c.objc; explicitFileType = undefined; includeInIndex = 0; };
		84CAF029A8F1412881313C6B /* GCDWebServerDataRequest.m */ = {isa = PBXFileReference; name = "GCDWebServerDataRequest.m"; path = "cordova-plugin-ionic-webview/GCDWebServerDataRequest.m"; sourceTree = "<group>"; fileEncoding = 4; lastKnownFileType = sourcecode.c.objc; explicitFileType = undefined; includeInIndex = 0; };
		E2F4C8C83C344DF4A3152908 /* GCDWebServerFileRequest.m */ = {isa = PBXFileReference; name = "GCDWebServerFileRequest.m"; path = "cordova-plugin-ionic-webview/GCDWebServerFileRequest.m"; sourceTree = "<group>"; fileEncoding = 4; lastKnownFileType = sourcecode.c.objc; explicitFileType = undefined; includeInIndex = 0; };
		21961067C7B340B3A34C1DA6 /* GCDWebServerMultiPartFormRequest.m */ = {isa = PBXFileReference; name = "GCDWebServerMultiPartFormRequest.m"; path = "cordova-plugin-ionic-webview/GCDWebServerMultiPartFormRequest.m"; sourceTree = "<group>"; fileEncoding = 4; lastKnownFileType = sourcecode.c.objc; explicitFileType = undefined; includeInIndex = 0; };
		58C7178CB7794FBD91BB176C /* GCDWebServerURLEncodedFormRequest.m */ = {isa = PBXFileReference; name = "GCDWebServerURLEncodedFormRequest.m"; path = "cordova-plugin-ionic-webview/GCDWebServerURLEncodedFormRequest.m"; sourceTree = "<group>"; fileEncoding = 4; lastKnownFileType = sourcecode.c.objc; explicitFileType = undefined; includeInIndex = 0; };
		FA2B4246E8C448E3ABBC64A8 /* GCDWebServerDataResponse.m */ = {isa = PBXFileReference; name = "GCDWebServerDataResponse.m"; path = "cordova-plugin-ionic-webview/GCDWebServerDataResponse.m"; sourceTree = "<group>"; fileEncoding = 4; lastKnownFileType = sourcecode.c.objc; explicitFileType = undefined; includeInIndex = 0; };
		CE04D94482664D2098026D44 /* GCDWebServerErrorResponse.m */ = {isa = PBXFileReference; name = "GCDWebServerErrorResponse.m"; path = "cordova-plugin-ionic-webview/GCDWebServerErrorResponse.m"; sourceTree = "<group>"; fileEncoding = 4; lastKnownFileType = sourcecode.c.objc; explicitFileType = undefined; includeInIndex = 0; };
		7359F9E7650C4ADC95CF9685 /* GCDWebServerFileResponse.m */ = {isa = PBXFileReference; name = "GCDWebServerFileResponse.m"; path = "cordova-plugin-ionic-webview/GCDWebServerFileResponse.m"; sourceTree = "<group>"; fileEncoding = 4; lastKnownFileType = sourcecode.c.objc; explicitFileType = undefined; includeInIndex = 0; };
		BE9843A59951496DA03B24A8 /* GCDWebServerStreamedResponse.m */ = {isa = PBXFileReference; name = "GCDWebServerStreamedResponse.m"; path = "cordova-plugin-ionic-webview/GCDWebServerStreamedResponse.m"; sourceTree = "<group>"; fileEncoding = 4; lastKnownFileType = sourcecode.c.objc; explicitFileType = undefined; includeInIndex = 0; };
		39810E9261E14D0DBDC26607 /* CDVWKWebViewEngine.h */ = {isa = PBXFileReference; name = "CDVWKWebViewEngine.h"; path = "cordova-plugin-ionic-webview/CDVWKWebViewEngine.h"; sourceTree = "<group>"; fileEncoding = 4; lastKnownFileType = sourcecode.c.h; explicitFileType = undefined; includeInIndex = 0; };
		7A07803B07EB49E7BFC0FA4E /* CDVWKWebViewUIDelegate.h */ = {isa = PBXFileReference; name = "CDVWKWebViewUIDelegate.h"; path = "cordova-plugin-ionic-webview/CDVWKWebViewUIDelegate.h"; sourceTree = "<group>"; fileEncoding = 4; lastKnownFileType = sourcecode.c.h; explicitFileType = undefined; includeInIndex = 0; };
		BB3097B72B3644F5B6937014 /* CDVWKProcessPoolFactory.h */ = {isa = PBXFileReference; name = "CDVWKProcessPoolFactory.h"; path = "cordova-plugin-ionic-webview/CDVWKProcessPoolFactory.h"; sourceTree = "<group>"; fileEncoding = 4; lastKnownFileType = sourcecode.c.h; explicitFileType = undefined; includeInIndex = 0; };
		A5245B71EF5E4323A4DEDAEF /* GCDWebServer.h */ = {isa = PBXFileReference; name = "GCDWebServer.h"; path = "cordova-plugin-ionic-webview/GCDWebServer.h"; sourceTree = "<group>"; fileEncoding = 4; lastKnownFileType = sourcecode.c.h; explicitFileType = undefined; includeInIndex = 0; };
		01B908C32A484DF88FCAFBEF /* GCDWebServerConnection.h */ = {isa = PBXFileReference; name = "GCDWebServerConnection.h"; path = "cordova-plugin-ionic-webview/GCDWebServerConnection.h"; sourceTree = "<group>"; fileEncoding = 4; lastKnownFileType = sourcecode.c.h; explicitFileType = undefined; includeInIndex = 0; };
		8A3C65C598D54BE8869FE554 /* GCDWebServerFunctions.h */ = {isa = PBXFileReference; name = "GCDWebServerFunctions.h"; path = "cordova-plugin-ionic-webview/GCDWebServerFunctions.h"; sourceTree = "<group>"; fileEncoding = 4; lastKnownFileType = sourcecode.c.h; explicitFileType = undefined; includeInIndex = 0; };
		9CF84CB5ACE647A093D8907F /* GCDWebServerHTTPStatusCodes.h */ = {isa = PBXFileReference; name = "GCDWebServerHTTPStatusCodes.h"; path = "cordova-plugin-ionic-webview/GCDWebServerHTTPStatusCodes.h"; sourceTree = "<group>"; fileEncoding = 4; lastKnownFileType = sourcecode.c.h; explicitFileType = undefined; includeInIndex = 0; };
		3C0AFCC44520485E975BE7C4 /* GCDWebServerPrivate.h */ = {isa = PBXFileReference; name = "GCDWebServerPrivate.h"; path = "cordova-plugin-ionic-webview/GCDWebServerPrivate.h"; sourceTree = "<group>"; fileEncoding = 4; lastKnownFileType = sourcecode.c.h; explicitFileType = undefined; includeInIndex = 0; };
		43A507B57EC24AABA7C69226 /* GCDWebServerRequest.h */ = {isa = PBXFileReference; name = "GCDWebServerRequest.h"; path = "cordova-plugin-ionic-webview/GCDWebServerRequest.h"; sourceTree = "<group>"; fileEncoding = 4; lastKnownFileType = sourcecode.c.h; explicitFileType = undefined; includeInIndex = 0; };
		3D23D29BF0624A64BF4C6B11 /* GCDWebServerResponse.h */ = {isa = PBXFileReference; name = "GCDWebServerResponse.h"; path = "cordova-plugin-ionic-webview/GCDWebServerResponse.h"; sourceTree = "<group>"; fileEncoding = 4; lastKnownFileType = sourcecode.c.h; explicitFileType = undefined; includeInIndex = 0; };
		B0CE4B654CEF4A0F9353216C /* GCDWebServerDataRequest.h */ = {isa = PBXFileReference; name = "GCDWebServerDataRequest.h"; path = "cordova-plugin-ionic-webview/GCDWebServerDataRequest.h"; sourceTree = "<group>"; fileEncoding = 4; lastKnownFileType = sourcecode.c.h; explicitFileType = undefined; includeInIndex = 0; };
		7EB70CF224D04606A2D83854 /* GCDWebServerFileRequest.h */ = {isa = PBXFileReference; name = "GCDWebServerFileRequest.h"; path = "cordova-plugin-ionic-webview/GCDWebServerFileRequest.h"; sourceTree = "<group>"; fileEncoding = 4; lastKnownFileType = sourcecode.c.h; explicitFileType = undefined; includeInIndex = 0; };
		A5DECEC5B0254B5E90CD0034 /* GCDWebServerMultiPartFormRequest.h */ = {isa = PBXFileReference; name = "GCDWebServerMultiPartFormRequest.h"; path = "cordova-plugin-ionic-webview/GCDWebServerMultiPartFormRequest.h"; sourceTree = "<group>"; fileEncoding = 4; lastKnownFileType = sourcecode.c.h; explicitFileType = undefined; includeInIndex = 0; };
		4CB470A0C6E64D24988FB78E /* GCDWebServerURLEncodedFormRequest.h */ = {isa = PBXFileReference; name = "GCDWebServerURLEncodedFormRequest.h"; path = "cordova-plugin-ionic-webview/GCDWebServerURLEncodedFormRequest.h"; sourceTree = "<group>"; fileEncoding = 4; lastKnownFileType = sourcecode.c.h; explicitFileType = undefined; includeInIndex = 0; };
		935493E2749B4085B0F19FED /* GCDWebServerDataResponse.h */ = {isa = PBXFileReference; name = "GCDWebServerDataResponse.h"; path = "cordova-plugin-ionic-webview/GCDWebServerDataResponse.h"; sourceTree = "<group>"; fileEncoding = 4; lastKnownFileType = sourcecode.c.h; explicitFileType = undefined; includeInIndex = 0; };
		030F2E75785C4893A62E4F60 /* GCDWebServerErrorResponse.h */ = {isa = PBXFileReference; name = "GCDWebServerErrorResponse.h"; path = "cordova-plugin-ionic-webview/GCDWebServerErrorResponse.h"; sourceTree = "<group>"; fileEncoding = 4; lastKnownFileType = sourcecode.c.h; explicitFileType = undefined; includeInIndex = 0; };
		C991204F5986400EB22DDB83 /* GCDWebServerFileResponse.h */ = {isa = PBXFileReference; name = "GCDWebServerFileResponse.h"; path = "cordova-plugin-ionic-webview/GCDWebServerFileResponse.h"; sourceTree = "<group>"; fileEncoding = 4; lastKnownFileType = sourcecode.c.h; explicitFileType = undefined; includeInIndex = 0; };
		41C45738C0C34DD8803C6D67 /* GCDWebServerStreamedResponse.h */ = {isa = PBXFileReference; name = "GCDWebServerStreamedResponse.h"; path = "cordova-plugin-ionic-webview/GCDWebServerStreamedResponse.h"; sourceTree = "<group>"; fileEncoding = 4; lastKnownFileType = sourcecode.c.h; explicitFileType = undefined; includeInIndex = 0; };
		EC1716AFE3204AD0B1AD0402 /* WebKit.framework */ = {isa = PBXFileReference; name = "WebKit.framework"; path = "System/Library/Frameworks/WebKit.framework"; sourceTree = SDKROOT; fileEncoding = undefined; lastKnownFileType = wrapper.framework; explicitFileType = undefined; includeInIndex = 0; };
		3643FE70338B46BD95E09417 /* libz.tbd */ = {isa = PBXFileReference; name = "libz.tbd"; path = "usr/lib/libz.tbd"; sourceTree = SDKROOT; fileEncoding = undefined; lastKnownFileType = sourcecode.text-based-dylib-definition; explicitFileType = undefined; includeInIndex = 0; };
		C2086FA53EC048799DB962BB /* CDVSplashScreen.m */ = {isa = PBXFileReference; name = "CDVSplashScreen.m"; path = "cordova-plugin-splashscreen/CDVSplashScreen.m"; sourceTree = "<group>"; fileEncoding = 4; lastKnownFileType = sourcecode.c.objc; explicitFileType = undefined; includeInIndex = 0; };
		0FB117D26E6649B4ACEBF65A /* CDVViewController+SplashScreen.m */ = {isa = PBXFileReference; name = "CDVViewController+SplashScreen.m"; path = "cordova-plugin-splashscreen/CDVViewController+SplashScreen.m"; sourceTree = "<group>"; fileEncoding = 4; lastKnownFileType = sourcecode.c.objc; explicitFileType = undefined; includeInIndex = 0; };
		ECB533C93FAA429791D3194F /* CDVSplashScreen.h */ = {isa = PBXFileReference; name = "CDVSplashScreen.h"; path = "cordova-plugin-splashscreen/CDVSplashScreen.h"; sourceTree = "<group>"; fileEncoding = 4; lastKnownFileType = sourcecode.c.h; explicitFileType = undefined; includeInIndex = 0; };
		FD464446C6474AC6B2B3DCCD /* CDVViewController+SplashScreen.h */ = {isa = PBXFileReference; name = "CDVViewController+SplashScreen.h"; path = "cordova-plugin-splashscreen/CDVViewController+SplashScreen.h"; sourceTree = "<group>"; fileEncoding = 4; lastKnownFileType = sourcecode.c.h; explicitFileType = undefined; includeInIndex = 0; };
		90DA2EA778EC401C8F2EAAD3 /* CDVVibration.m */ = {isa = PBXFileReference; name = "CDVVibration.m"; path = "cordova-plugin-vibration/CDVVibration.m"; sourceTree = "<group>"; fileEncoding = 4; lastKnownFileType = sourcecode.c.objc; explicitFileType = undefined; includeInIndex = 0; };
		A8C17D6AF0204D32909F1497 /* CDVVibration.h */ = {isa = PBXFileReference; name = "CDVVibration.h"; path = "cordova-plugin-vibration/CDVVibration.h"; sourceTree = "<group>"; fileEncoding = 4; lastKnownFileType = sourcecode.c.h; explicitFileType = undefined; includeInIndex = 0; };
		9B9FA826A27C4B07AFECE189 /* AudioToolbox.framework */ = {isa = PBXFileReference; name = "AudioToolbox.framework"; path = "System/Library/Frameworks/AudioToolbox.framework"; sourceTree = SDKROOT; fileEncoding = undefined; lastKnownFileType = wrapper.framework; explicitFileType = undefined; includeInIndex = 0; };
		18CC405E344D44E4AA4AF0D3 /* UIImage+CropScaleOrientation.m */ = {isa = PBXFileReference; name = "UIImage+CropScaleOrientation.m"; path = "cordova-plugin-camera/UIImage+CropScaleOrientation.m"; sourceTree = "<group>"; fileEncoding = 4; lastKnownFileType = sourcecode.c.objc; explicitFileType = undefined; includeInIndex = 0; };
		D858690E6AB94386B9E414D5 /* CDVCamera.m */ = {isa = PBXFileReference; name = "CDVCamera.m"; path = "cordova-plugin-camera/CDVCamera.m"; sourceTree = "<group>"; fileEncoding = 4; lastKnownFileType = sourcecode.c.objc; explicitFileType = undefined; includeInIndex = 0; };
		02FF4731586B4A4C87F551E1 /* CDVJpegHeaderWriter.m */ = {isa = PBXFileReference; name = "CDVJpegHeaderWriter.m"; path = "cordova-plugin-camera/CDVJpegHeaderWriter.m"; sourceTree = "<group>"; fileEncoding = 4; lastKnownFileType = sourcecode.c.objc; explicitFileType = undefined; includeInIndex = 0; };
		689E457074C648D898D83F53 /* UIImage+CropScaleOrientation.h */ = {isa = PBXFileReference; name = "UIImage+CropScaleOrientation.h"; path = "cordova-plugin-camera/UIImage+CropScaleOrientation.h"; sourceTree = "<group>"; fileEncoding = 4; lastKnownFileType = sourcecode.c.h; explicitFileType = undefined; includeInIndex = 0; };
		E185CFA5B5A74519865F6BE3 /* CDVCamera.h */ = {isa = PBXFileReference; name = "CDVCamera.h"; path = "cordova-plugin-camera/CDVCamera.h"; sourceTree = "<group>"; fileEncoding = 4; lastKnownFileType = sourcecode.c.h; explicitFileType = undefined; includeInIndex = 0; };
		B8A55DC382FD40128A7A6DF8 /* CDVJpegHeaderWriter.h */ = {isa = PBXFileReference; name = "CDVJpegHeaderWriter.h"; path = "cordova-plugin-camera/CDVJpegHeaderWriter.h"; sourceTree = "<group>"; fileEncoding = 4; lastKnownFileType = sourcecode.c.h; explicitFileType = undefined; includeInIndex = 0; };
		46FCFD0834CA4AE89ED6A0A0 /* CDVExif.h */ = {isa = PBXFileReference; name = "CDVExif.h"; path = "cordova-plugin-camera/CDVExif.h"; sourceTree = "<group>"; fileEncoding = 4; lastKnownFileType = sourcecode.c.h; explicitFileType = undefined; includeInIndex = 0; };
		781FC113E91A454F959C105B /* ImageIO.framework */ = {isa = PBXFileReference; name = "ImageIO.framework"; path = "System/Library/Frameworks/ImageIO.framework"; sourceTree = SDKROOT; fileEncoding = undefined; lastKnownFileType = wrapper.framework; explicitFileType = undefined; includeInIndex = 0; };
		E9A2EDC397594F67B8656E95 /* CoreLocation.framework */ = {isa = PBXFileReference; name = "CoreLocation.framework"; path = "System/Library/Frameworks/CoreLocation.framework"; sourceTree = SDKROOT; fileEncoding = undefined; lastKnownFileType = wrapper.framework; explicitFileType = undefined; includeInIndex = 0; };
		43B839F51B9A4FB3907AAC2B /* AVFoundation.framework */ = {isa = PBXFileReference; name = "AVFoundation.framework"; path = "System/Library/Frameworks/AVFoundation.framework"; sourceTree = SDKROOT; fileEncoding = undefined; lastKnownFileType = wrapper.framework; explicitFileType = undefined; includeInIndex = 0; };
		7F4F6E28BC9B4F47AFAE3918 /* OneSignalPush.m */ = {isa = PBXFileReference; name = "OneSignalPush.m"; path = "onesignal-cordova-plugin/OneSignalPush.m"; sourceTree = "<group>"; fileEncoding = 4; lastKnownFileType = sourcecode.c.objc; explicitFileType = undefined; includeInIndex = 0; };
		5D10D64E8B1548E196C23A26 /* OneSignalPush.h */ = {isa = PBXFileReference; name = "OneSignalPush.h"; path = "onesignal-cordova-plugin/OneSignalPush.h"; sourceTree = "<group>"; fileEncoding = 4; lastKnownFileType = sourcecode.c.h; explicitFileType = undefined; includeInIndex = 0; };
		3199B8D567C34F81B4520215 /* SystemConfiguration.framework */ = {isa = PBXFileReference; name = "SystemConfiguration.framework"; path = "System/Library/Frameworks/SystemConfiguration.framework"; sourceTree = SDKROOT; fileEncoding = undefined; lastKnownFileType = wrapper.framework; explicitFileType = undefined; includeInIndex = 0; };
/* End PBXFileReference section */

/* Begin PBXFrameworksBuildPhase section */
		1D60588F0D05DD3D006BFB54 /* Frameworks */ = {
			isa = PBXFrameworksBuildPhase;
			buildActionMask = 2147483647;
			files = (
				301BF552109A68D80062928A /* libCordova.a in Frameworks */,
				C6BE422D4956452E9F53BF8B /* WebKit.framework in Frameworks */,
				8D892AFBE58E42A99D10DDEB /* libz.tbd in Frameworks */,
				31DD213054BD4EA89B428582 /* AudioToolbox.framework in Frameworks */,
				74CB8013AF9C4F12AB0BE201 /* ImageIO.framework in Frameworks */,
				8F32E94D382E492099C86D34 /* CoreLocation.framework in Frameworks */,
				8BF5A297C09D46B5909FC343 /* AVFoundation.framework in Frameworks */,
				F178AEFEBCFC4D20BA47F1BF /* SystemConfiguration.framework in Frameworks */,
			);
			runOnlyForDeploymentPostprocessing = 0;
		};
/* End PBXFrameworksBuildPhase section */

/* Begin PBXGroup section */
		080E96DDFE201D6D7F000001 /* Classes */ = {
			isa = PBXGroup;
			children = (
				302D95EE14D2391D003F00A1 /* MainViewController.h */,
				302D95EF14D2391D003F00A1 /* MainViewController.m */,
				302D95F014D2391D003F00A1 /* MainViewController.xib */,
				1D3623240D0F684500981E51 /* AppDelegate.h */,
				1D3623250D0F684500981E51 /* AppDelegate.m */,
			);
			name = Classes;
			path = "aluracar/Classes";
			sourceTree = SOURCE_ROOT;
		};
		19C28FACFE9D520D11CA2CBB /* Products */ = {
			isa = PBXGroup;
			children = (
				1D6058910D05DD3D006BFB54 /* aluracar.app */,
			);
			name = Products;
			sourceTree = "<group>";
		};
		29B97314FDCFA39411CA2CEA /* CustomTemplate */ = {
			isa = PBXGroup;
			children = (
				EB87FDF41871DAF40020F90C /* config.xml */,
				EB87FDF31871DA8E0020F90C /* www */,
				EB87FDF11871DA420020F90C /* Staging */,
				301BF52D109A57CC0062928A /* CordovaLib.xcodeproj */,
				080E96DDFE201D6D7F000001 /* Classes */,
				307C750510C5A3420062BCA9 /* Plugins */,
				29B97315FDCFA39411CA2CEA /* Other Sources */,
				29B97317FDCFA39411CA2CEA /* Resources */,
				29B97323FDCFA39411CA2CEA /* Frameworks */,
				19C28FACFE9D520D11CA2CBB /* Products */,
			);
			name = CustomTemplate;
			sourceTree = "<group>";
		};
		29B97315FDCFA39411CA2CEA /* Other Sources */ = {
			isa = PBXGroup;
			children = (
				32CA4F630368D1EE00C91783 /* aluracar-Prefix.pch */,
				29B97316FDCFA39411CA2CEA /* main.m */,
				ED33DF2A687741AEAF9F8254 /* Bridging-Header.h */,
			);
			name = "Other Sources";
			path = "aluracar";
			sourceTree = "<group>";
		};
		29B97317FDCFA39411CA2CEA /* Resources */ = {
			isa = PBXGroup;
			children = (
				0207DA571B56EA530066E2B4 /* Images.xcassets */,
				3047A50E1AB8057F00498E2A /* config */,
				8D1107310486CEB800E47090 /* aluracar-Info.plist */,
				6AFF5BF81D6E424B00AB3073 /* CDVLaunchScreen.storyboard */,
				5F81D563C36B48E6A45879C4 /* DatePicker.xib */,
			);
			name = Resources;
			path = "aluracar/Resources";
			sourceTree = "<group>";
		};
		29B97323FDCFA39411CA2CEA /* Frameworks */ = {
			isa = PBXGroup;
			children = (
				EC1716AFE3204AD0B1AD0402 /* WebKit.framework */,
				3643FE70338B46BD95E09417 /* libz.tbd */,
				9B9FA826A27C4B07AFECE189 /* AudioToolbox.framework */,
				781FC113E91A454F959C105B /* ImageIO.framework */,
				E9A2EDC397594F67B8656E95 /* CoreLocation.framework */,
				43B839F51B9A4FB3907AAC2B /* AVFoundation.framework */,
				3199B8D567C34F81B4520215 /* SystemConfiguration.framework */,
			);
			name = Frameworks;
			sourceTree = "<group>";
		};
		301BF52E109A57CC0062928A /* Products */ = {
			isa = PBXGroup;
			children = (
				301BF535109A57CC0062928A /* libCordova.a */,
			);
			name = Products;
			sourceTree = "<group>";
		};
		3047A50E1AB8057F00498E2A /* config */ = {
			isa = PBXGroup;
			children = (
				3047A50F1AB8059700498E2A /* build-debug.xcconfig */,
				3047A5101AB8059700498E2A /* build-release.xcconfig */,
				3047A5111AB8059700498E2A /* build.xcconfig */,
			);
			name = config;
			sourceTree = "<group>";
		};
		307C750510C5A3420062BCA9 /* Plugins */ = {
			isa = PBXGroup;
			children = (
				62F87645FA13435CBB00C025 /* DatePicker.m */,
				2192FA03463D4C11B84DBD43 /* DatePicker.h */,
				7125A6D8D3DA4CA3A7B388D2 /* CDVDevice.m */,
				87AEB9BCDDF74264884366CB /* CDVDevice.h */,
				9CE61826FEC941FFA05C55D8 /* CDVIonicKeyboard.m */,
				01F7485B866A40628068D024 /* CDVIonicKeyboard.h */,
				3DB8CBD68B69409ABA594047 /* CDVWKWebViewEngine.m */,
				914AC453E3574351BCFF5D82 /* CDVWKWebViewUIDelegate.m */,
				47CD3085670B4DC8A3E63BF8 /* CDVWKProcessPoolFactory.m */,
				00695CD205154DB8B5208D72 /* GCDWebServer.m */,
				19DD6F99EB2D449AAA0FA478 /* GCDWebServerConnection.m */,
				722333F97BAA4919BF3D2EAD /* GCDWebServerFunctions.m */,
				F9E31FFC603B4EC59BFD1CF8 /* GCDWebServerRequest.m */,
				8DDDFE8C040B465289F3FB5D /* GCDWebServerResponse.m */,
				84CAF029A8F1412881313C6B /* GCDWebServerDataRequest.m */,
				E2F4C8C83C344DF4A3152908 /* GCDWebServerFileRequest.m */,
				21961067C7B340B3A34C1DA6 /* GCDWebServerMultiPartFormRequest.m */,
				58C7178CB7794FBD91BB176C /* GCDWebServerURLEncodedFormRequest.m */,
				FA2B4246E8C448E3ABBC64A8 /* GCDWebServerDataResponse.m */,
				CE04D94482664D2098026D44 /* GCDWebServerErrorResponse.m */,
				7359F9E7650C4ADC95CF9685 /* GCDWebServerFileResponse.m */,
				BE9843A59951496DA03B24A8 /* GCDWebServerStreamedResponse.m */,
				39810E9261E14D0DBDC26607 /* CDVWKWebViewEngine.h */,
				7A07803B07EB49E7BFC0FA4E /* CDVWKWebViewUIDelegate.h */,
				BB3097B72B3644F5B6937014 /* CDVWKProcessPoolFactory.h */,
				A5245B71EF5E4323A4DEDAEF /* GCDWebServer.h */,
				01B908C32A484DF88FCAFBEF /* GCDWebServerConnection.h */,
				8A3C65C598D54BE8869FE554 /* GCDWebServerFunctions.h */,
				9CF84CB5ACE647A093D8907F /* GCDWebServerHTTPStatusCodes.h */,
				3C0AFCC44520485E975BE7C4 /* GCDWebServerPrivate.h */,
				43A507B57EC24AABA7C69226 /* GCDWebServerRequest.h */,
				3D23D29BF0624A64BF4C6B11 /* GCDWebServerResponse.h */,
				B0CE4B654CEF4A0F9353216C /* GCDWebServerDataRequest.h */,
				7EB70CF224D04606A2D83854 /* GCDWebServerFileRequest.h */,
				A5DECEC5B0254B5E90CD0034 /* GCDWebServerMultiPartFormRequest.h */,
				4CB470A0C6E64D24988FB78E /* GCDWebServerURLEncodedFormRequest.h */,
				935493E2749B4085B0F19FED /* GCDWebServerDataResponse.h */,
				030F2E75785C4893A62E4F60 /* GCDWebServerErrorResponse.h */,
				C991204F5986400EB22DDB83 /* GCDWebServerFileResponse.h */,
				41C45738C0C34DD8803C6D67 /* GCDWebServerStreamedResponse.h */,
				C2086FA53EC048799DB962BB /* CDVSplashScreen.m */,
				0FB117D26E6649B4ACEBF65A /* CDVViewController+SplashScreen.m */,
				ECB533C93FAA429791D3194F /* CDVSplashScreen.h */,
				FD464446C6474AC6B2B3DCCD /* CDVViewController+SplashScreen.h */,
				90DA2EA778EC401C8F2EAAD3 /* CDVVibration.m */,
				A8C17D6AF0204D32909F1497 /* CDVVibration.h */,
				18CC405E344D44E4AA4AF0D3 /* UIImage+CropScaleOrientation.m */,
				D858690E6AB94386B9E414D5 /* CDVCamera.m */,
				02FF4731586B4A4C87F551E1 /* CDVJpegHeaderWriter.m */,
				689E457074C648D898D83F53 /* UIImage+CropScaleOrientation.h */,
				E185CFA5B5A74519865F6BE3 /* CDVCamera.h */,
				B8A55DC382FD40128A7A6DF8 /* CDVJpegHeaderWriter.h */,
				46FCFD0834CA4AE89ED6A0A0 /* CDVExif.h */,
				7F4F6E28BC9B4F47AFAE3918 /* OneSignalPush.m */,
				5D10D64E8B1548E196C23A26 /* OneSignalPush.h */,
			);
			name = Plugins;
			path = "aluracar/Plugins";
			sourceTree = SOURCE_ROOT;
		};
		EB87FDF11871DA420020F90C /* Staging */ = {
			isa = PBXGroup;
			children = (
				F840E1F0165FE0F500CFE078 /* config.xml */,
				301BF56E109A69640062928A /* www */,
			);
			name = Staging;
			sourceTree = "<group>";
		};
/* End PBXGroup section */

/* Begin PBXNativeTarget section */
		1D6058900D05DD3D006BFB54 /* aluracar */ = {
			isa = PBXNativeTarget;
			buildConfigurationList = 1D6058960D05DD3E006BFB54 /* Build configuration list for PBXNativeTarget "aluracar" */;
			buildPhases = (
				304B58A110DAC018002A0835 /* Copy www directory */,
				1D60588D0D05DD3D006BFB54 /* Resources */,
				1D60588E0D05DD3D006BFB54 /* Sources */,
				1D60588F0D05DD3D006BFB54 /* Frameworks */,
			);
			buildRules = (
			);
			dependencies = (
				301BF551109A68C00062928A /* PBXTargetDependency */,
			);
			name = "aluracar";
			productName = "aluracar";
			productReference = 1D6058910D05DD3D006BFB54 /* aluracar.app */;
			productType = "com.apple.product-type.application";
		};
/* End PBXNativeTarget section */

/* Begin PBXProject section */
		29B97313FDCFA39411CA2CEA /* Project object */ = {
			isa = PBXProject;
			attributes = {
				LastUpgradeCheck = 510;
			};
			buildConfigurationList = C01FCF4E08A954540054247B /* Build configuration list for PBXProject "__NON-CLI__" */;
			compatibilityVersion = "Xcode 3.2";
			developmentRegion = English;
			hasScannedForEncodings = 1;
			mainGroup = 29B97314FDCFA39411CA2CEA /* CustomTemplate */;
			projectDirPath = "";
			projectReferences = (
				{
					ProductGroup = 301BF52E109A57CC0062928A /* Products */;
					ProjectRef = 301BF52D109A57CC0062928A /* CordovaLib.xcodeproj */;
				},
			);
			projectRoot = "";
			targets = (
				1D6058900D05DD3D006BFB54 /* aluracar */,
			);
		};
/* End PBXProject section */

/* Begin PBXReferenceProxy section */
		301BF535109A57CC0062928A /* libCordova.a */ = {
			isa = PBXReferenceProxy;
			fileType = archive.ar;
			path = libCordova.a;
			remoteRef = 301BF534109A57CC0062928A /* PBXContainerItemProxy */;
			sourceTree = BUILT_PRODUCTS_DIR;
		};
/* End PBXReferenceProxy section */

/* Begin PBXResourcesBuildPhase section */
		1D60588D0D05DD3D006BFB54 /* Resources */ = {
			isa = PBXResourcesBuildPhase;
			buildActionMask = 2147483647;
			files = (
				302D95F214D2391D003F00A1 /* MainViewController.xib in Resources */,
				0207DA581B56EA530066E2B4 /* Images.xcassets in Resources */,
				6AFF5BF91D6E424B00AB3073 /* CDVLaunchScreen.storyboard in Resources */,
				CCF906E24F25433685FB2A5E /* DatePicker.xib in Resources */,
			);
			runOnlyForDeploymentPostprocessing = 0;
		};
/* End PBXResourcesBuildPhase section */

/* Begin PBXShellScriptBuildPhase section */
		304B58A110DAC018002A0835 /* Copy www directory */ = {
			isa = PBXShellScriptBuildPhase;
			buildActionMask = 2147483647;
			files = (
			);
			inputPaths = (
			);
			name = "Copy www directory";
			outputPaths = (
			);
			runOnlyForDeploymentPostprocessing = 0;
			shellPath = /bin/sh;
			shellScript = "NODEJS_PATH=/usr/local/bin; NVM_NODE_PATH=~/.nvm/versions/node/`nvm version 2>/dev/null`/bin; N_NODE_PATH=`find /usr/local/n/versions/node/* -maxdepth 0 -type d 2>/dev/null | tail -1`/bin; XCODE_NODE_PATH=`xcode-select --print-path`/usr/share/xcs/Node/bin; PATH=$NODEJS_PATH:$NVM_NODE_PATH:$N_NODE_PATH:$XCODE_NODE_PATH:$PATH && node cordova/lib/copy-www-build-step.js";
			showEnvVarsInLog = 0;
		};
/* End PBXShellScriptBuildPhase section */

/* Begin PBXSourcesBuildPhase section */
		1D60588E0D05DD3D006BFB54 /* Sources */ = {
			isa = PBXSourcesBuildPhase;
			buildActionMask = 2147483647;
			files = (
				1D60589B0D05DD56006BFB54 /* main.m in Sources */,
				1D3623260D0F684500981E51 /* AppDelegate.m in Sources */,
				302D95F114D2391D003F00A1 /* MainViewController.m in Sources */,
				F22FE791610A4560B04363AA /* DatePicker.m in Sources */,
				9286844038F746AA870B37E5 /* CDVDevice.m in Sources */,
				9DDBC93700914AC0A7362ED0 /* CDVIonicKeyboard.m in Sources */,
				37973C14BFC142539AD3FF70 /* CDVWKWebViewEngine.m in Sources */,
				DA91BAB28CB649C0A6341ECE /* CDVWKWebViewUIDelegate.m in Sources */,
				0B2DF295650144DE8CBB221C /* CDVWKProcessPoolFactory.m in Sources */,
				5A073863E23043718C3CF22F /* GCDWebServer.m in Sources */,
				3A7FC85D3E4B4B0B821F54D0 /* GCDWebServerConnection.m in Sources */,
				BA5647EB825F42BE829A34FB /* GCDWebServerFunctions.m in Sources */,
				C993C99FE5654E4A8B307506 /* GCDWebServerRequest.m in Sources */,
				8C72CA1C33D64A79B60B0BF4 /* GCDWebServerResponse.m in Sources */,
				29EC3DAD172B4725A637D5A1 /* GCDWebServerDataRequest.m in Sources */,
				A16A5740A1604D76B26C5E0B /* GCDWebServerFileRequest.m in Sources */,
				BA383CA58F1B4F02AF5E14CC /* GCDWebServerMultiPartFormRequest.m in Sources */,
				D1C82E63B98645349E0AA8F8 /* GCDWebServerURLEncodedFormRequest.m in Sources */,
				8B8DF0B72BD54813B3386ADD /* GCDWebServerDataResponse.m in Sources */,
				D0A099933EBA4329A9C3609B /* GCDWebServerErrorResponse.m in Sources */,
				2A586EFBE88441788E3D49E7 /* GCDWebServerFileResponse.m in Sources */,
				5C4886AFBC864A468F90D3B8 /* GCDWebServerStreamedResponse.m in Sources */,
				AAD307115A474031A1091296 /* CDVSplashScreen.m in Sources */,
				73BD5A7C8A6F4B5096371D6A /* CDVViewController+SplashScreen.m in Sources */,
				88EE23BFC8774186914FAF4D /* CDVVibration.m in Sources */,
				B008489154DB4ADF9B681202 /* UIImage+CropScaleOrientation.m in Sources */,
				437E59D783444CE5812DF020 /* CDVCamera.m in Sources */,
				ACA75D03D0F04A6DB6ADB341 /* CDVJpegHeaderWriter.m in Sources */,
				8CE67B8F1F8B4C0EA1CB5170 /* OneSignalPush.m in Sources */,
			);
			runOnlyForDeploymentPostprocessing = 0;
		};
/* End PBXSourcesBuildPhase section */

/* Begin PBXTargetDependency section */
		301BF551109A68C00062928A /* PBXTargetDependency */ = {
			isa = PBXTargetDependency;
			name = CordovaLib;
			targetProxy = 301BF550109A68C00062928A /* PBXContainerItemProxy */;
		};
/* End PBXTargetDependency section */

/* Begin XCBuildConfiguration section */
		1D6058940D05DD3E006BFB54 /* Debug */ = {
			isa = XCBuildConfiguration;
			baseConfigurationReference = 3047A50F1AB8059700498E2A /* build-debug.xcconfig */;
			buildSettings = {
				ALWAYS_SEARCH_USER_PATHS = NO;
				ASSETCATALOG_COMPILER_APPICON_NAME = AppIcon;
				ASSETCATALOG_COMPILER_LAUNCHIMAGE_NAME = LaunchImage;
				CLANG_ENABLE_MODULES = YES;
				CLANG_ENABLE_OBJC_ARC = YES;
				COPY_PHASE_STRIP = NO;
				GCC_DYNAMIC_NO_PIC = NO;
				GCC_OPTIMIZATION_LEVEL = 0;
				GCC_PRECOMPILE_PREFIX_HEADER = YES;
				GCC_PREFIX_HEADER = "aluracar/aluracar-Prefix.pch";
				GCC_THUMB_SUPPORT = NO;
				GCC_VERSION = "";
				INFOPLIST_FILE = "aluracar/aluracar-Info.plist";
				IPHONEOS_DEPLOYMENT_TARGET = 9.0;
				LD_RUNPATH_SEARCH_PATHS = "@executable_path/Frameworks";
				TARGETED_DEVICE_FAMILY = "1,2";
				PRODUCT_NAME = "aluracar";
			};
			name = Debug;
		};
		1D6058950D05DD3E006BFB54 /* Release */ = {
			isa = XCBuildConfiguration;
			baseConfigurationReference = 3047A5101AB8059700498E2A /* build-release.xcconfig */;
			buildSettings = {
				ALWAYS_SEARCH_USER_PATHS = NO;
				ASSETCATALOG_COMPILER_APPICON_NAME = AppIcon;
				ASSETCATALOG_COMPILER_LAUNCHIMAGE_NAME = LaunchImage;
				CLANG_ENABLE_MODULES = YES;
				CLANG_ENABLE_OBJC_ARC = YES;
				COPY_PHASE_STRIP = YES;
				GCC_PRECOMPILE_PREFIX_HEADER = YES;
				GCC_PREFIX_HEADER = "aluracar/aluracar-Prefix.pch";
				GCC_THUMB_SUPPORT = NO;
				GCC_VERSION = "";
				INFOPLIST_FILE = "aluracar/aluracar-Info.plist";
				IPHONEOS_DEPLOYMENT_TARGET = 9.0;
				LD_RUNPATH_SEARCH_PATHS = "@executable_path/Frameworks";
				TARGETED_DEVICE_FAMILY = "1,2";
				PRODUCT_NAME = "aluracar";
			};
			name = Release;
		};
		C01FCF4F08A954540054247B /* Debug */ = {
			isa = XCBuildConfiguration;
			baseConfigurationReference = 3047A5111AB8059700498E2A /* build.xcconfig */;
			buildSettings = {
				CLANG_ENABLE_MODULES = YES;
				CLANG_ENABLE_OBJC_ARC = YES;
				CLANG_WARN_BOOL_CONVERSION = YES;
				CLANG_WARN_CONSTANT_CONVERSION = YES;
				CLANG_WARN_EMPTY_BODY = YES;
				CLANG_WARN_ENUM_CONVERSION = YES;
				CLANG_WARN_INT_CONVERSION = YES;
				CLANG_WARN__DUPLICATE_METHOD_MATCH = YES;
				GCC_C_LANGUAGE_STANDARD = c99;
				GCC_THUMB_SUPPORT = NO;
				GCC_VERSION = "";
				GCC_WARN_ABOUT_RETURN_TYPE = YES;
				GCC_WARN_UNDECLARED_SELECTOR = YES;
				GCC_WARN_UNINITIALIZED_AUTOS = YES;
				GCC_WARN_UNUSED_FUNCTION = YES;
				GCC_WARN_UNUSED_VARIABLE = YES;
				ONLY_ACTIVE_ARCH = YES;
				SDKROOT = iphoneos;
				SKIP_INSTALL = NO;
			};
			name = Debug;
		};
		C01FCF5008A954540054247B /* Release */ = {
			isa = XCBuildConfiguration;
			baseConfigurationReference = 3047A5111AB8059700498E2A /* build.xcconfig */;
			buildSettings = {
				CLANG_ENABLE_MODULES = YES;
				CLANG_ENABLE_OBJC_ARC = YES;
				CLANG_WARN_BOOL_CONVERSION = YES;
				CLANG_WARN_CONSTANT_CONVERSION = YES;
				CLANG_WARN_EMPTY_BODY = YES;
				CLANG_WARN_ENUM_CONVERSION = YES;
				CLANG_WARN_INT_CONVERSION = YES;
				CLANG_WARN__DUPLICATE_METHOD_MATCH = YES;
				GCC_C_LANGUAGE_STANDARD = c99;
				GCC_THUMB_SUPPORT = NO;
				GCC_VERSION = "";
				GCC_WARN_ABOUT_RETURN_TYPE = YES;
				GCC_WARN_UNDECLARED_SELECTOR = YES;
				GCC_WARN_UNINITIALIZED_AUTOS = YES;
				GCC_WARN_UNUSED_FUNCTION = YES;
				GCC_WARN_UNUSED_VARIABLE = YES;
				SDKROOT = iphoneos;
				SKIP_INSTALL = NO;
			};
			name = Release;
		};
/* End XCBuildConfiguration section */

/* Begin XCConfigurationList section */
		1D6058960D05DD3E006BFB54 /* Build configuration list for PBXNativeTarget "aluracar" */ = {
			isa = XCConfigurationList;
			buildConfigurations = (
				1D6058940D05DD3E006BFB54 /* Debug */,
				1D6058950D05DD3E006BFB54 /* Release */,
			);
			defaultConfigurationIsVisible = 0;
			defaultConfigurationName = Release;
		};
		C01FCF4E08A954540054247B /* Build configuration list for PBXProject "__NON-CLI__" */ = {
			isa = XCConfigurationList;
			buildConfigurations = (
				C01FCF4F08A954540054247B /* Debug */,
				C01FCF5008A954540054247B /* Release */,
			);
			defaultConfigurationIsVisible = 0;
			defaultConfigurationName = Release;
		};
/* End XCConfigurationList section */
	};
	rootObject = 29B97313FDCFA39411CA2CEA /* Project object */;
}
